// !$*UTF8*$!
{
	archiveVersion = 1;
	classes = {
	};
	objectVersion = 46;
	objects = {

/* Begin PBXBuildFile section */
		7D0DFE681981138100E9178E /* NewsBackgroundImage@2x.png in Resources */ = {isa = PBXBuildFile; fileRef = 7D0DFE671981138100E9178E /* NewsBackgroundImage@2x.png */; };
		7D0DFEB319823B6700E9178E /* UICollectionView+XHIndexPath.m in Sources */ = {isa = PBXBuildFile; fileRef = 7D0DFE9219823B6700E9178E /* UICollectionView+XHIndexPath.m */; };
		7D0DFEB419823B6700E9178E /* UIView+XHViewFrame.m in Sources */ = {isa = PBXBuildFile; fileRef = 7D0DFE9419823B6700E9178E /* UIView+XHViewFrame.m */; };
		7D0DFEB519823B6700E9178E /* XHPinterestTransition.m in Sources */ = {isa = PBXBuildFile; fileRef = 7D0DFE9B19823B6700E9178E /* XHPinterestTransition.m */; };
		7D0DFEB619823B6700E9178E /* XHNavigationControllerDelegate.m in Sources */ = {isa = PBXBuildFile; fileRef = 7D0DFE9D19823B6700E9178E /* XHNavigationControllerDelegate.m */; };
		7D0DFEB719823B6700E9178E /* CHTCollectionViewWaterfallLayout.m in Sources */ = {isa = PBXBuildFile; fileRef = 7D0DFEA019823B6700E9178E /* CHTCollectionViewWaterfallLayout.m */; };
		7D0DFEB819823B6700E9178E /* XHBaseCollectionViewController.m in Sources */ = {isa = PBXBuildFile; fileRef = 7D0DFEA519823B6700E9178E /* XHBaseCollectionViewController.m */; };
		7D0DFEB919823B6700E9178E /* XHHorizontalPageViewController.m in Sources */ = {isa = PBXBuildFile; fileRef = 7D0DFEA719823B6700E9178E /* XHHorizontalPageViewController.m */; };
		7D0DFEBA19823B6700E9178E /* XHNavigationController.m in Sources */ = {isa = PBXBuildFile; fileRef = 7D0DFEA919823B6700E9178E /* XHNavigationController.m */; };
		7D0DFEBB19823B6700E9178E /* XHHorizontalPageViewCell.m in Sources */ = {isa = PBXBuildFile; fileRef = 7D0DFEAC19823B6700E9178E /* XHHorizontalPageViewCell.m */; };
		7D0DFEBC19823B6700E9178E /* XHWaterfallCollectionViewCell.m in Sources */ = {isa = PBXBuildFile; fileRef = 7D0DFEAE19823B6700E9178E /* XHWaterfallCollectionViewCell.m */; };
		7D0DFEBD19823B6700E9178E /* XHWaterfallContainerView.m in Sources */ = {isa = PBXBuildFile; fileRef = 7D0DFEB019823B6700E9178E /* XHWaterfallContainerView.m */; };
		7D0DFEBE19823B6700E9178E /* XHWaterfallViewController.m in Sources */ = {isa = PBXBuildFile; fileRef = 7D0DFEB219823B6700E9178E /* XHWaterfallViewController.m */; };
		7D18DC54197F61A7005059A3 /* 0.jpg in Resources */ = {isa = PBXBuildFile; fileRef = 7D18DC46197F61A7005059A3 /* 0.jpg */; };
		7D18DC55197F61A7005059A3 /* 1.jpg in Resources */ = {isa = PBXBuildFile; fileRef = 7D18DC47197F61A7005059A3 /* 1.jpg */; };
		7D18DC56197F61A7005059A3 /* 10.jpg in Resources */ = {isa = PBXBuildFile; fileRef = 7D18DC48197F61A7005059A3 /* 10.jpg */; };
		7D18DC57197F61A7005059A3 /* 11.jpg in Resources */ = {isa = PBXBuildFile; fileRef = 7D18DC49197F61A7005059A3 /* 11.jpg */; };
		7D18DC58197F61A7005059A3 /* 12.jpg in Resources */ = {isa = PBXBuildFile; fileRef = 7D18DC4A197F61A7005059A3 /* 12.jpg */; };
		7D18DC59197F61A7005059A3 /* 13.jpg in Resources */ = {isa = PBXBuildFile; fileRef = 7D18DC4B197F61A7005059A3 /* 13.jpg */; };
		7D18DC5A197F61A7005059A3 /* 2.jpg in Resources */ = {isa = PBXBuildFile; fileRef = 7D18DC4C197F61A7005059A3 /* 2.jpg */; };
		7D18DC5B197F61A7005059A3 /* 3.jpg in Resources */ = {isa = PBXBuildFile; fileRef = 7D18DC4D197F61A7005059A3 /* 3.jpg */; };
		7D18DC5C197F61A7005059A3 /* 4.jpg in Resources */ = {isa = PBXBuildFile; fileRef = 7D18DC4E197F61A7005059A3 /* 4.jpg */; };
		7D18DC5D197F61A7005059A3 /* 5.jpg in Resources */ = {isa = PBXBuildFile; fileRef = 7D18DC4F197F61A7005059A3 /* 5.jpg */; };
		7D18DC5E197F61A7005059A3 /* 6.jpg in Resources */ = {isa = PBXBuildFile; fileRef = 7D18DC50197F61A7005059A3 /* 6.jpg */; };
		7D18DC5F197F61A7005059A3 /* 7.jpg in Resources */ = {isa = PBXBuildFile; fileRef = 7D18DC51197F61A7005059A3 /* 7.jpg */; };
		7D18DC60197F61A7005059A3 /* 8.jpg in Resources */ = {isa = PBXBuildFile; fileRef = 7D18DC52197F61A7005059A3 /* 8.jpg */; };
		7D18DC61197F61A7005059A3 /* 9.jpg in Resources */ = {isa = PBXBuildFile; fileRef = 7D18DC53197F61A7005059A3 /* 9.jpg */; };
		7D6256FE1973883D005D8CB7 /* main.m in Sources */ = {isa = PBXBuildFile; fileRef = 7D6256FD1973883D005D8CB7 /* main.m */; };
		7D6257011973883D005D8CB7 /* AppDelegate.m in Sources */ = {isa = PBXBuildFile; fileRef = 7D6257001973883D005D8CB7 /* AppDelegate.m */; };
		7D6257031973883D005D8CB7 /* Images.xcassets in Resources */ = {isa = PBXBuildFile; fileRef = 7D6257021973883D005D8CB7 /* Images.xcassets */; };
		7D62570F1973883D005D8CB7 /* PinterestExampleTests.m in Sources */ = {isa = PBXBuildFile; fileRef = 7D62570E1973883D005D8CB7 /* PinterestExampleTests.m */; };
/* End PBXBuildFile section */

/* Begin PBXContainerItemProxy section */
		7D6257091973883D005D8CB7 /* PBXContainerItemProxy */ = {
			isa = PBXContainerItemProxy;
			containerPortal = 7D6256F01973883D005D8CB7 /* Project object */;
			proxyType = 1;
			remoteGlobalIDString = 7D6256F71973883D005D8CB7;
			remoteInfo = PinterestExample;
		};
/* End PBXContainerItemProxy section */

/* Begin PBXFileReference section */
		7D0DFE671981138100E9178E /* NewsBackgroundImage@2x.png */ = {isa = PBXFileReference; lastKnownFileType = image.png; path = "NewsBackgroundImage@2x.png"; sourceTree = "<group>"; };
		7D0DFE9119823B6700E9178E /* UICollectionView+XHIndexPath.h */ = {isa = PBXFileReference; fileEncoding = 4; lastKnownFileType = sourcecode.c.h; path = "UICollectionView+XHIndexPath.h"; sourceTree = "<group>"; };
		7D0DFE9219823B6700E9178E /* UICollectionView+XHIndexPath.m */ = {isa = PBXFileReference; fileEncoding = 4; lastKnownFileType = sourcecode.c.objc; path = "UICollectionView+XHIndexPath.m"; sourceTree = "<group>"; };
		7D0DFE9319823B6700E9178E /* UIView+XHViewFrame.h */ = {isa = PBXFileReference; fileEncoding = 4; lastKnownFileType = sourcecode.c.h; path = "UIView+XHViewFrame.h"; sourceTree = "<group>"; };
		7D0DFE9419823B6700E9178E /* UIView+XHViewFrame.m */ = {isa = PBXFileReference; fileEncoding = 4; lastKnownFileType = sourcecode.c.objc; path = "UIView+XHViewFrame.m"; sourceTree = "<group>"; };
		7D0DFE9919823B6700E9178E /* XHTransitionProtocol.h */ = {isa = PBXFileReference; fileEncoding = 4; lastKnownFileType = sourcecode.c.h; path = XHTransitionProtocol.h; sourceTree = "<group>"; };
		7D0DFE9A19823B6700E9178E /* XHPinterestTransition.h */ = {isa = PBXFileReference; fileEncoding = 4; lastKnownFileType = sourcecode.c.h; path = XHPinterestTransition.h; sourceTree = "<group>"; };
		7D0DFE9B19823B6700E9178E /* XHPinterestTransition.m */ = {isa = PBXFileReference; fileEncoding = 4; lastKnownFileType = sourcecode.c.objc; path = XHPinterestTransition.m; sourceTree = "<group>"; };
		7D0DFE9C19823B6700E9178E /* XHNavigationControllerDelegate.h */ = {isa = PBXFileReference; fileEncoding = 4; lastKnownFileType = sourcecode.c.h; path = XHNavigationControllerDelegate.h; sourceTree = "<group>"; };
		7D0DFE9D19823B6700E9178E /* XHNavigationControllerDelegate.m */ = {isa = PBXFileReference; fileEncoding = 4; lastKnownFileType = sourcecode.c.objc; path = XHNavigationControllerDelegate.m; sourceTree = "<group>"; };
		7D0DFE9F19823B6700E9178E /* CHTCollectionViewWaterfallLayout.h */ = {isa = PBXFileReference; fileEncoding = 4; lastKnownFileType = sourcecode.c.h; path = CHTCollectionViewWaterfallLayout.h; sourceTree = "<group>"; };
		7D0DFEA019823B6700E9178E /* CHTCollectionViewWaterfallLayout.m */ = {isa = PBXFileReference; fileEncoding = 4; lastKnownFileType = sourcecode.c.objc; path = CHTCollectionViewWaterfallLayout.m; sourceTree = "<group>"; };
		7D0DFEA219823B6700E9178E /* XHUIKitMacro.h */ = {isa = PBXFileReference; fileEncoding = 4; lastKnownFileType = sourcecode.c.h; path = XHUIKitMacro.h; sourceTree = "<group>"; };
		7D0DFEA419823B6700E9178E /* XHBaseCollectionViewController.h */ = {isa = PBXFileReference; fileEncoding = 4; lastKnownFileType = sourcecode.c.h; path = XHBaseCollectionViewController.h; sourceTree = "<group>"; };
		7D0DFEA519823B6700E9178E /* XHBaseCollectionViewController.m */ = {isa = PBXFileReference; fileEncoding = 4; lastKnownFileType = sourcecode.c.objc; path = XHBaseCollectionViewController.m; sourceTree = "<group>"; };
		7D0DFEA619823B6700E9178E /* XHHorizontalPageViewController.h */ = {isa = PBXFileReference; fileEncoding = 4; lastKnownFileType = sourcecode.c.h; path = XHHorizontalPageViewController.h; sourceTree = "<group>"; };
		7D0DFEA719823B6700E9178E /* XHHorizontalPageViewController.m */ = {isa = PBXFileReference; fileEncoding = 4; lastKnownFileType = sourcecode.c.objc; path = XHHorizontalPageViewController.m; sourceTree = "<group>"; };
		7D0DFEA819823B6700E9178E /* XHNavigationController.h */ = {isa = PBXFileReference; fileEncoding = 4; lastKnownFileType = sourcecode.c.h; path = XHNavigationController.h; sourceTree = "<group>"; };
		7D0DFEA919823B6700E9178E /* XHNavigationController.m */ = {isa = PBXFileReference; fileEncoding = 4; lastKnownFileType = sourcecode.c.objc; path = XHNavigationController.m; sourceTree = "<group>"; };
		7D0DFEAB19823B6700E9178E /* XHHorizontalPageViewCell.h */ = {isa = PBXFileReference; fileEncoding = 4; lastKnownFileType = sourcecode.c.h; path = XHHorizontalPageViewCell.h; sourceTree = "<group>"; };
		7D0DFEAC19823B6700E9178E /* XHHorizontalPageViewCell.m */ = {isa = PBXFileReference; fileEncoding = 4; lastKnownFileType = sourcecode.c.objc; path = XHHorizontalPageViewCell.m; sourceTree = "<group>"; };
		7D0DFEAD19823B6700E9178E /* XHWaterfallCollectionViewCell.h */ = {isa = PBXFileReference; fileEncoding = 4; lastKnownFileType = sourcecode.c.h; path = XHWaterfallCollectionViewCell.h; sourceTree = "<group>"; };
		7D0DFEAE19823B6700E9178E /* XHWaterfallCollectionViewCell.m */ = {isa = PBXFileReference; fileEncoding = 4; lastKnownFileType = sourcecode.c.objc; path = XHWaterfallCollectionViewCell.m; sourceTree = "<group>"; };
		7D0DFEAF19823B6700E9178E /* XHWaterfallContainerView.h */ = {isa = PBXFileReference; fileEncoding = 4; lastKnownFileType = sourcecode.c.h; path = XHWaterfallContainerView.h; sourceTree = "<group>"; };
		7D0DFEB019823B6700E9178E /* XHWaterfallContainerView.m */ = {isa = PBXFileReference; fileEncoding = 4; lastKnownFileType = sourcecode.c.objc; path = XHWaterfallContainerView.m; sourceTree = "<group>"; };
		7D0DFEB119823B6700E9178E /* XHWaterfallViewController.h */ = {isa = PBXFileReference; fileEncoding = 4; lastKnownFileType = sourcecode.c.h; path = XHWaterfallViewController.h; sourceTree = "<group>"; };
		7D0DFEB219823B6700E9178E /* XHWaterfallViewController.m */ = {isa = PBXFileReference; fileEncoding = 4; lastKnownFileType = sourcecode.c.objc; path = XHWaterfallViewController.m; sourceTree = "<group>"; };
		7D18DC46197F61A7005059A3 /* 0.jpg */ = {isa = PBXFileReference; lastKnownFileType = image.jpeg; path = 0.jpg; sourceTree = "<group>"; };
		7D18DC47197F61A7005059A3 /* 1.jpg */ = {isa = PBXFileReference; lastKnownFileType = image.jpeg; path = 1.jpg; sourceTree = "<group>"; };
		7D18DC48197F61A7005059A3 /* 10.jpg */ = {isa = PBXFileReference; lastKnownFileType = image.jpeg; path = 10.jpg; sourceTree = "<group>"; };
		7D18DC49197F61A7005059A3 /* 11.jpg */ = {isa = PBXFileReference; lastKnownFileType = image.jpeg; path = 11.jpg; sourceTree = "<group>"; };
		7D18DC4A197F61A7005059A3 /* 12.jpg */ = {isa = PBXFileReference; lastKnownFileType = image.jpeg; path = 12.jpg; sourceTree = "<group>"; };
		7D18DC4B197F61A7005059A3 /* 13.jpg */ = {isa = PBXFileReference; lastKnownFileType = image.jpeg; path = 13.jpg; sourceTree = "<group>"; };
		7D18DC4C197F61A7005059A3 /* 2.jpg */ = {isa = PBXFileReference; lastKnownFileType = image.jpeg; path = 2.jpg; sourceTree = "<group>"; };
		7D18DC4D197F61A7005059A3 /* 3.jpg */ = {isa = PBXFileReference; lastKnownFileType = image.jpeg; path = 3.jpg; sourceTree = "<group>"; };
		7D18DC4E197F61A7005059A3 /* 4.jpg */ = {isa = PBXFileReference; lastKnownFileType = image.jpeg; path = 4.jpg; sourceTree = "<group>"; };
		7D18DC4F197F61A7005059A3 /* 5.jpg */ = {isa = PBXFileReference; lastKnownFileType = image.jpeg; path = 5.jpg; sourceTree = "<group>"; };
		7D18DC50197F61A7005059A3 /* 6.jpg */ = {isa = PBXFileReference; lastKnownFileType = image.jpeg; path = 6.jpg; sourceTree = "<group>"; };
		7D18DC51197F61A7005059A3 /* 7.jpg */ = {isa = PBXFileReference; lastKnownFileType = image.jpeg; path = 7.jpg; sourceTree = "<group>"; };
		7D18DC52197F61A7005059A3 /* 8.jpg */ = {isa = PBXFileReference; lastKnownFileType = image.jpeg; path = 8.jpg; sourceTree = "<group>"; };
		7D18DC53197F61A7005059A3 /* 9.jpg */ = {isa = PBXFileReference; lastKnownFileType = image.jpeg; path = 9.jpg; sourceTree = "<group>"; };
		7D6256F81973883D005D8CB7 /* PinterestExample.app */ = {isa = PBXFileReference; explicitFileType = wrapper.application; includeInIndex = 0; path = PinterestExample.app; sourceTree = BUILT_PRODUCTS_DIR; };
		7D6256FC1973883D005D8CB7 /* Info.plist */ = {isa = PBXFileReference; lastKnownFileType = text.plist.xml; path = Info.plist; sourceTree = "<group>"; };
		7D6256FD1973883D005D8CB7 /* main.m */ = {isa = PBXFileReference; lastKnownFileType = sourcecode.c.objc; path = main.m; sourceTree = "<group>"; };
		7D6256FF1973883D005D8CB7 /* AppDelegate.h */ = {isa = PBXFileReference; lastKnownFileType = sourcecode.c.h; path = AppDelegate.h; sourceTree = "<group>"; };
		7D6257001973883D005D8CB7 /* AppDelegate.m */ = {isa = PBXFileReference; lastKnownFileType = sourcecode.c.objc; path = AppDelegate.m; sourceTree = "<group>"; };
		7D6257021973883D005D8CB7 /* Images.xcassets */ = {isa = PBXFileReference; lastKnownFileType = folder.assetcatalog; path = Images.xcassets; sourceTree = "<group>"; };
		7D6257081973883D005D8CB7 /* PinterestExampleTests.xctest */ = {isa = PBXFileReference; explicitFileType = wrapper.cfbundle; includeInIndex = 0; path = PinterestExampleTests.xctest; sourceTree = BUILT_PRODUCTS_DIR; };
		7D62570D1973883D005D8CB7 /* Info.plist */ = {isa = PBXFileReference; lastKnownFileType = text.plist.xml; path = Info.plist; sourceTree = "<group>"; };
		7D62570E1973883D005D8CB7 /* PinterestExampleTests.m */ = {isa = PBXFileReference; lastKnownFileType = sourcecode.c.objc; path = PinterestExampleTests.m; sourceTree = "<group>"; };
/* End PBXFileReference section */

/* Begin PBXFrameworksBuildPhase section */
		7D6256F51973883D005D8CB7 /* Frameworks */ = {
			isa = PBXFrameworksBuildPhase;
			buildActionMask = 2147483647;
			files = (
			);
			runOnlyForDeploymentPostprocessing = 0;
		};
		7D6257051973883D005D8CB7 /* Frameworks */ = {
			isa = PBXFrameworksBuildPhase;
			buildActionMask = 2147483647;
			files = (
			);
			runOnlyForDeploymentPostprocessing = 0;
		};
/* End PBXFrameworksBuildPhase section */

/* Begin PBXGroup section */
		7D0DFE8F19823B6700E9178E /* Pinterest */ = {
			isa = PBXGroup;
			children = (
				7D0DFE9019823B6700E9178E /* Categorys */,
				7D0DFE9519823B6700E9178E /* Helpers */,
				7D0DFE9E19823B6700E9178E /* Layout */,
				7D0DFEA119823B6700E9178E /* Macro */,
				7D0DFEAA19823B6700E9178E /* Views */,
				7D0DFEA319823B6700E9178E /* ViewControllers */,
			);
			name = Pinterest;
			path = ../Pinterest;
			sourceTree = "<group>";
		};
		7D0DFE9019823B6700E9178E /* Categorys */ = {
			isa = PBXGroup;
			children = (
				7D0DFE9119823B6700E9178E /* UICollectionView+XHIndexPath.h */,
				7D0DFE9219823B6700E9178E /* UICollectionView+XHIndexPath.m */,
				7D0DFE9319823B6700E9178E /* UIView+XHViewFrame.h */,
				7D0DFE9419823B6700E9178E /* UIView+XHViewFrame.m */,
			);
			path = Categorys;
			sourceTree = "<group>";
		};
		7D0DFE9519823B6700E9178E /* Helpers */ = {
			isa = PBXGroup;
			children = (
				7D0DFE9619823B6700E9178E /* NavigationHelper */,
			);
			path = Helpers;
			sourceTree = "<group>";
		};
		7D0DFE9619823B6700E9178E /* NavigationHelper */ = {
			isa = PBXGroup;
			children = (
				7D0DFE9719823B6700E9178E /* Transition */,
				7D0DFE9C19823B6700E9178E /* XHNavigationControllerDelegate.h */,
				7D0DFE9D19823B6700E9178E /* XHNavigationControllerDelegate.m */,
			);
			path = NavigationHelper;
			sourceTree = "<group>";
		};
		7D0DFE9719823B6700E9178E /* Transition */ = {
			isa = PBXGroup;
			children = (
				7D0DFE9819823B6700E9178E /* Protocal */,
				7D0DFE9A19823B6700E9178E /* XHPinterestTransition.h */,
				7D0DFE9B19823B6700E9178E /* XHPinterestTransition.m */,
			);
			path = Transition;
			sourceTree = "<group>";
		};
		7D0DFE9819823B6700E9178E /* Protocal */ = {
			isa = PBXGroup;
			children = (
				7D0DFE9919823B6700E9178E /* XHTransitionProtocol.h */,
			);
			path = Protocal;
			sourceTree = "<group>";
		};
		7D0DFE9E19823B6700E9178E /* Layout */ = {
			isa = PBXGroup;
			children = (
				7D0DFE9F19823B6700E9178E /* CHTCollectionViewWaterfallLayout.h */,
				7D0DFEA019823B6700E9178E /* CHTCollectionViewWaterfallLayout.m */,
			);
			path = Layout;
			sourceTree = "<group>";
		};
		7D0DFEA119823B6700E9178E /* Macro */ = {
			isa = PBXGroup;
			children = (
				7D0DFEA219823B6700E9178E /* XHUIKitMacro.h */,
			);
			path = Macro;
			sourceTree = "<group>";
		};
		7D0DFEA319823B6700E9178E /* ViewControllers */ = {
			isa = PBXGroup;
			children = (
				7D0DFEA419823B6700E9178E /* XHBaseCollectionViewController.h */,
				7D0DFEA519823B6700E9178E /* XHBaseCollectionViewController.m */,
				7D0DFEA619823B6700E9178E /* XHHorizontalPageViewController.h */,
				7D0DFEA719823B6700E9178E /* XHHorizontalPageViewController.m */,
				7D0DFEA819823B6700E9178E /* XHNavigationController.h */,
				7D0DFEA919823B6700E9178E /* XHNavigationController.m */,
			);
			path = ViewControllers;
			sourceTree = "<group>";
		};
		7D0DFEAA19823B6700E9178E /* Views */ = {
			isa = PBXGroup;
			children = (
				7D0DFEAB19823B6700E9178E /* XHHorizontalPageViewCell.h */,
				7D0DFEAC19823B6700E9178E /* XHHorizontalPageViewCell.m */,
				7D0DFEAD19823B6700E9178E /* XHWaterfallCollectionViewCell.h */,
				7D0DFEAE19823B6700E9178E /* XHWaterfallCollectionViewCell.m */,
				7D0DFEAF19823B6700E9178E /* XHWaterfallContainerView.h */,
				7D0DFEB019823B6700E9178E /* XHWaterfallContainerView.m */,
				7D0DFEB119823B6700E9178E /* XHWaterfallViewController.h */,
				7D0DFEB219823B6700E9178E /* XHWaterfallViewController.m */,
			);
			path = Views;
			sourceTree = "<group>";
		};
		7D18DC45197F61A7005059A3 /* images */ = {
			isa = PBXGroup;
			children = (
				7D18DC46197F61A7005059A3 /* 0.jpg */,
				7D18DC47197F61A7005059A3 /* 1.jpg */,
				7D18DC48197F61A7005059A3 /* 10.jpg */,
				7D18DC49197F61A7005059A3 /* 11.jpg */,
				7D18DC4A197F61A7005059A3 /* 12.jpg */,
				7D18DC4B197F61A7005059A3 /* 13.jpg */,
				7D18DC4C197F61A7005059A3 /* 2.jpg */,
				7D18DC4D197F61A7005059A3 /* 3.jpg */,
				7D18DC4E197F61A7005059A3 /* 4.jpg */,
				7D18DC4F197F61A7005059A3 /* 5.jpg */,
				7D18DC50197F61A7005059A3 /* 6.jpg */,
				7D18DC51197F61A7005059A3 /* 7.jpg */,
				7D18DC52197F61A7005059A3 /* 8.jpg */,
				7D18DC53197F61A7005059A3 /* 9.jpg */,
			);
			path = images;
			sourceTree = "<group>";
		};
		7D6256EF1973883D005D8CB7 = {
			isa = PBXGroup;
			children = (
				7D0DFE8F19823B6700E9178E /* Pinterest */,
				7D6256FA1973883D005D8CB7 /* PinterestExample */,
				7D62570B1973883D005D8CB7 /* PinterestExampleTests */,
				7D6256F91973883D005D8CB7 /* Products */,
			);
			sourceTree = "<group>";
		};
		7D6256F91973883D005D8CB7 /* Products */ = {
			isa = PBXGroup;
			children = (
				7D6256F81973883D005D8CB7 /* PinterestExample.app */,
				7D6257081973883D005D8CB7 /* PinterestExampleTests.xctest */,
			);
			name = Products;
			sourceTree = "<group>";
		};
		7D6256FA1973883D005D8CB7 /* PinterestExample */ = {
			isa = PBXGroup;
			children = (
				7D6256FF1973883D005D8CB7 /* AppDelegate.h */,
				7D6257001973883D005D8CB7 /* AppDelegate.m */,
				7D6257021973883D005D8CB7 /* Images.xcassets */,
				7D6256FB1973883D005D8CB7 /* Supporting Files */,
			);
			path = PinterestExample;
			sourceTree = "<group>";
		};
		7D6256FB1973883D005D8CB7 /* Supporting Files */ = {
			isa = PBXGroup;
			children = (
				7D0DFE671981138100E9178E /* NewsBackgroundImage@2x.png */,
				7D18DC45197F61A7005059A3 /* images */,
				7D6256FC1973883D005D8CB7 /* Info.plist */,
				7D6256FD1973883D005D8CB7 /* main.m */,
			);
			name = "Supporting Files";
			sourceTree = "<group>";
		};
		7D62570B1973883D005D8CB7 /* PinterestExampleTests */ = {
			isa = PBXGroup;
			children = (
				7D62570E1973883D005D8CB7 /* PinterestExampleTests.m */,
				7D62570C1973883D005D8CB7 /* Supporting Files */,
			);
			path = PinterestExampleTests;
			sourceTree = "<group>";
		};
		7D62570C1973883D005D8CB7 /* Supporting Files */ = {
			isa = PBXGroup;
			children = (
				7D62570D1973883D005D8CB7 /* Info.plist */,
			);
			name = "Supporting Files";
			sourceTree = "<group>";
		};
/* End PBXGroup section */

/* Begin PBXNativeTarget section */
		7D6256F71973883D005D8CB7 /* PinterestExample */ = {
			isa = PBXNativeTarget;
			buildConfigurationList = 7D6257121973883D005D8CB7 /* Build configuration list for PBXNativeTarget "PinterestExample" */;
			buildPhases = (
				7D6256F41973883D005D8CB7 /* Sources */,
				7D6256F51973883D005D8CB7 /* Frameworks */,
				7D6256F61973883D005D8CB7 /* Resources */,
			);
			buildRules = (
			);
			dependencies = (
			);
			name = PinterestExample;
			productName = PinterestExample;
			productReference = 7D6256F81973883D005D8CB7 /* PinterestExample.app */;
			productType = "com.apple.product-type.application";
		};
		7D6257071973883D005D8CB7 /* PinterestExampleTests */ = {
			isa = PBXNativeTarget;
			buildConfigurationList = 7D6257151973883D005D8CB7 /* Build configuration list for PBXNativeTarget "PinterestExampleTests" */;
			buildPhases = (
				7D6257041973883D005D8CB7 /* Sources */,
				7D6257051973883D005D8CB7 /* Frameworks */,
				7D6257061973883D005D8CB7 /* Resources */,
			);
			buildRules = (
			);
			dependencies = (
				7D62570A1973883D005D8CB7 /* PBXTargetDependency */,
			);
			name = PinterestExampleTests;
			productName = PinterestExampleTests;
			productReference = 7D6257081973883D005D8CB7 /* PinterestExampleTests.xctest */;
			productType = "com.apple.product-type.bundle.unit-test";
		};
/* End PBXNativeTarget section */

/* Begin PBXProject section */
		7D6256F01973883D005D8CB7 /* Project object */ = {
			isa = PBXProject;
			attributes = {
				LastUpgradeCheck = 0600;
				ORGANIZATIONNAME = "广州华多网络科技有限公司 多玩事业部 iOS软件工程师 曾宪华";
				TargetAttributes = {
					7D6256F71973883D005D8CB7 = {
						CreatedOnToolsVersion = 6.0;
					};
					7D6257071973883D005D8CB7 = {
						CreatedOnToolsVersion = 6.0;
						TestTargetID = 7D6256F71973883D005D8CB7;
					};
				};
			};
			buildConfigurationList = 7D6256F31973883D005D8CB7 /* Build configuration list for PBXProject "PinterestExample" */;
			compatibilityVersion = "Xcode 3.2";
			developmentRegion = English;
			hasScannedForEncodings = 0;
			knownRegions = (
				en,
			);
			mainGroup = 7D6256EF1973883D005D8CB7;
			productRefGroup = 7D6256F91973883D005D8CB7 /* Products */;
			projectDirPath = "";
			projectRoot = "";
			targets = (
				7D6256F71973883D005D8CB7 /* PinterestExample */,
				7D6257071973883D005D8CB7 /* PinterestExampleTests */,
			);
		};
/* End PBXProject section */

/* Begin PBXResourcesBuildPhase section */
		7D6256F61973883D005D8CB7 /* Resources */ = {
			isa = PBXResourcesBuildPhase;
			buildActionMask = 2147483647;
			files = (
				7D18DC5D197F61A7005059A3 /* 5.jpg in Resources */,
				7D18DC5B197F61A7005059A3 /* 3.jpg in Resources */,
				7D18DC57197F61A7005059A3 /* 11.jpg in Resources */,
				7D18DC61197F61A7005059A3 /* 9.jpg in Resources */,
				7D18DC55197F61A7005059A3 /* 1.jpg in Resources */,
				7D18DC58197F61A7005059A3 /* 12.jpg in Resources */,
				7D18DC54197F61A7005059A3 /* 0.jpg in Resources */,
				7D0DFE681981138100E9178E /* NewsBackgroundImage@2x.png in Resources */,
				7D18DC60197F61A7005059A3 /* 8.jpg in Resources */,
				7D18DC5E197F61A7005059A3 /* 6.jpg in Resources */,
				7D18DC56197F61A7005059A3 /* 10.jpg in Resources */,
				7D6257031973883D005D8CB7 /* Images.xcassets in Resources */,
				7D18DC5A197F61A7005059A3 /* 2.jpg in Resources */,
				7D18DC5F197F61A7005059A3 /* 7.jpg in Resources */,
				7D18DC5C197F61A7005059A3 /* 4.jpg in Resources */,
				7D18DC59197F61A7005059A3 /* 13.jpg in Resources */,
			);
			runOnlyForDeploymentPostprocessing = 0;
		};
		7D6257061973883D005D8CB7 /* Resources */ = {
			isa = PBXResourcesBuildPhase;
			buildActionMask = 2147483647;
			files = (
			);
			runOnlyForDeploymentPostprocessing = 0;
		};
/* End PBXResourcesBuildPhase section */

/* Begin PBXSourcesBuildPhase section */
		7D6256F41973883D005D8CB7 /* Sources */ = {
			isa = PBXSourcesBuildPhase;
			buildActionMask = 2147483647;
			files = (
				7D0DFEB319823B6700E9178E /* UICollectionView+XHIndexPath.m in Sources */,
				7D0DFEBA19823B6700E9178E /* XHNavigationController.m in Sources */,
				7D0DFEB419823B6700E9178E /* UIView+XHViewFrame.m in Sources */,
				7D0DFEBE19823B6700E9178E /* XHWaterfallViewController.m in Sources */,
				7D0DFEB819823B6700E9178E /* XHBaseCollectionViewController.m in Sources */,
				7D0DFEB919823B6700E9178E /* XHHorizontalPageViewController.m in Sources */,
				7D0DFEB619823B6700E9178E /* XHNavigationControllerDelegate.m in Sources */,
				7D0DFEB719823B6700E9178E /* CHTCollectionViewWaterfallLayout.m in Sources */,
				7D0DFEBD19823B6700E9178E /* XHWaterfallContainerView.m in Sources */,
				7D0DFEBC19823B6700E9178E /* XHWaterfallCollectionViewCell.m in Sources */,
				7D0DFEB519823B6700E9178E /* XHPinterestTransition.m in Sources */,
				7D6257011973883D005D8CB7 /* AppDelegate.m in Sources */,
				7D6256FE1973883D005D8CB7 /* main.m in Sources */,
				7D0DFEBB19823B6700E9178E /* XHHorizontalPageViewCell.m in Sources */,
			);
			runOnlyForDeploymentPostprocessing = 0;
		};
		7D6257041973883D005D8CB7 /* Sources */ = {
			isa = PBXSourcesBuildPhase;
			buildActionMask = 2147483647;
			files = (
				7D62570F1973883D005D8CB7 /* PinterestExampleTests.m in Sources */,
			);
			runOnlyForDeploymentPostprocessing = 0;
		};
/* End PBXSourcesBuildPhase section */

/* Begin PBXTargetDependency section */
		7D62570A1973883D005D8CB7 /* PBXTargetDependency */ = {
			isa = PBXTargetDependency;
			target = 7D6256F71973883D005D8CB7 /* PinterestExample */;
			targetProxy = 7D6257091973883D005D8CB7 /* PBXContainerItemProxy */;
		};
/* End PBXTargetDependency section */

/* Begin XCBuildConfiguration section */
		7D6257101973883D005D8CB7 /* Debug */ = {
			isa = XCBuildConfiguration;
			buildSettings = {
				ALWAYS_SEARCH_USER_PATHS = NO;
				CLANG_CXX_LANGUAGE_STANDARD = "gnu++0x";
				CLANG_CXX_LIBRARY = "libc++";
				CLANG_ENABLE_MODULES = YES;
				CLANG_ENABLE_OBJC_ARC = YES;
				CLANG_WARN_BOOL_CONVERSION = YES;
				CLANG_WARN_CONSTANT_CONVERSION = YES;
				CLANG_WARN_DIRECT_OBJC_ISA_USAGE = YES_ERROR;
				CLANG_WARN_EMPTY_BODY = YES;
				CLANG_WARN_ENUM_CONVERSION = YES;
				CLANG_WARN_INT_CONVERSION = YES;
				CLANG_WARN_OBJC_ROOT_CLASS = YES_ERROR;
				CLANG_WARN_UNREACHABLE_CODE = YES;
				CLANG_WARN__DUPLICATE_METHOD_MATCH = YES;
				"CODE_SIGN_IDENTITY[sdk=iphoneos*]" = "iPhone Developer";
				COPY_PHASE_STRIP = NO;
				ENABLE_STRICT_OBJC_MSGSEND = YES;
				GCC_C_LANGUAGE_STANDARD = gnu99;
				GCC_DYNAMIC_NO_PIC = NO;
				GCC_OPTIMIZATION_LEVEL = 0;
				GCC_PREPROCESSOR_DEFINITIONS = (
					"DEBUG=1",
					"$(inherited)",
				);
				GCC_SYMBOLS_PRIVATE_EXTERN = NO;
				GCC_WARN_64_TO_32_BIT_CONVERSION = YES;
				GCC_WARN_ABOUT_RETURN_TYPE = YES_ERROR;
				GCC_WARN_UNDECLARED_SELECTOR = YES;
				GCC_WARN_UNINITIALIZED_AUTOS = YES_AGGRESSIVE;
				GCC_WARN_UNUSED_FUNCTION = YES;
				GCC_WARN_UNUSED_VARIABLE = YES;
				IPHONEOS_DEPLOYMENT_TARGET = 8.0;
				METAL_ENABLE_DEBUG_INFO = YES;
				ONLY_ACTIVE_ARCH = YES;
				SDKROOT = iphoneos;
			};
			name = Debug;
		};
		7D6257111973883D005D8CB7 /* Release */ = {
			isa = XCBuildConfiguration;
			buildSettings = {
				ALWAYS_SEARCH_USER_PATHS = NO;
				CLANG_CXX_LANGUAGE_STANDARD = "gnu++0x";
				CLANG_CXX_LIBRARY = "libc++";
				CLANG_ENABLE_MODULES = YES;
				CLANG_ENABLE_OBJC_ARC = YES;
				CLANG_WARN_BOOL_CONVERSION = YES;
				CLANG_WARN_CONSTANT_CONVERSION = YES;
				CLANG_WARN_DIRECT_OBJC_ISA_USAGE = YES_ERROR;
				CLANG_WARN_EMPTY_BODY = YES;
				CLANG_WARN_ENUM_CONVERSION = YES;
				CLANG_WARN_INT_CONVERSION = YES;
				CLANG_WARN_OBJC_ROOT_CLASS = YES_ERROR;
				CLANG_WARN_UNREACHABLE_CODE = YES;
				CLANG_WARN__DUPLICATE_METHOD_MATCH = YES;
				"CODE_SIGN_IDENTITY[sdk=iphoneos*]" = "iPhone Developer";
				COPY_PHASE_STRIP = YES;
				ENABLE_NS_ASSERTIONS = NO;
				ENABLE_STRICT_OBJC_MSGSEND = YES;
				GCC_C_LANGUAGE_STANDARD = gnu99;
				GCC_WARN_64_TO_32_BIT_CONVERSION = YES;
				GCC_WARN_ABOUT_RETURN_TYPE = YES_ERROR;
				GCC_WARN_UNDECLARED_SELECTOR = YES;
				GCC_WARN_UNINITIALIZED_AUTOS = YES_AGGRESSIVE;
				GCC_WARN_UNUSED_FUNCTION = YES;
				GCC_WARN_UNUSED_VARIABLE = YES;
				IPHONEOS_DEPLOYMENT_TARGET = 8.0;
				METAL_ENABLE_DEBUG_INFO = NO;
				SDKROOT = iphoneos;
				VALIDATE_PRODUCT = YES;
			};
			name = Release;
		};
		7D6257131973883D005D8CB7 /* Debug */ = {
			isa = XCBuildConfiguration;
			buildSettings = {
				ASSETCATALOG_COMPILER_APPICON_NAME = AppIcon;
				ASSETCATALOG_COMPILER_LAUNCHIMAGE_NAME = LaunchImage;
				"CODE_SIGN_IDENTITY[sdk=iphoneos*]" = "iPhone Developer: 宪华 zeng (GZ6E8YQ54Z)";
				INFOPLIST_FILE = PinterestExample/Info.plist;
				IPHONEOS_DEPLOYMENT_TARGET = 6.0;
				LD_RUNPATH_SEARCH_PATHS = "$(inherited) @executable_path/Frameworks";
				PRODUCT_NAME = "$(TARGET_NAME)";
				PROVISIONING_PROFILE = "E5FA67B9-CB93-4572-BDA3-B7AFABED44CD";
			};
			name = Debug;
		};
		7D6257141973883D005D8CB7 /* Release */ = {
			isa = XCBuildConfiguration;
			buildSettings = {
				ASSETCATALOG_COMPILER_APPICON_NAME = AppIcon;
				ASSETCATALOG_COMPILER_LAUNCHIMAGE_NAME = LaunchImage;
				INFOPLIST_FILE = PinterestExample/Info.plist;
				IPHONEOS_DEPLOYMENT_TARGET = 6.0;
				LD_RUNPATH_SEARCH_PATHS = "$(inherited) @executable_path/Frameworks";
				PRODUCT_NAME = "$(TARGET_NAME)";
				PROVISIONING_PROFILE = "E5FA67B9-CB93-4572-BDA3-B7AFABED44CD";
			};
			name = Release;
		};
		7D6257161973883D005D8CB7 /* Debug */ = {
			isa = XCBuildConfiguration;
			buildSettings = {
				BUNDLE_LOADER = "$(BUILT_PRODUCTS_DIR)/PinterestExample.app/PinterestExample";
				FRAMEWORK_SEARCH_PATHS = (
					"$(SDKROOT)/Developer/Library/Frameworks",
					"$(inherited)",
				);
				GCC_PREPROCESSOR_DEFINITIONS = (
					"DEBUG=1",
					"$(inherited)",
				);
				INFOPLIST_FILE = PinterestExampleTests/Info.plist;
				IPHONEOS_DEPLOYMENT_TARGET = 6.0;
				LD_RUNPATH_SEARCH_PATHS = "$(inherited) @executable_path/Frameworks @loader_path/Frameworks";
				METAL_ENABLE_DEBUG_INFO = YES;
				PRODUCT_NAME = "$(TARGET_NAME)";
				TEST_HOST = "$(BUNDLE_LOADER)";
			};
			name = Debug;
		};
		7D6257171973883D005D8CB7 /* Release */ = {
			isa = XCBuildConfiguration;
			buildSettings = {
				BUNDLE_LOADER = "$(BUILT_PRODUCTS_DIR)/PinterestExample.app/PinterestExample";
				FRAMEWORK_SEARCH_PATHS = (
					"$(SDKROOT)/Developer/Library/Frameworks",
					"$(inherited)",
				);
				INFOPLIST_FILE = PinterestExampleTests/Info.plist;
				IPHONEOS_DEPLOYMENT_TARGET = 6.0;
				LD_RUNPATH_SEARCH_PATHS = "$(inherited) @executable_path/Frameworks @loader_path/Frameworks";
				METAL_ENABLE_DEBUG_INFO = NO;
				PRODUCT_NAME = "$(TARGET_NAME)";
				TEST_HOST = "$(BUNDLE_LOADER)";
			};
			name = Release;
		};
/* End XCBuildConfiguration section */

/* Begin XCConfigurationList section */
		7D6256F31973883D005D8CB7 /* Build configuration list for PBXProject "PinterestExample" */ = {
			isa = XCConfigurationList;
			buildConfigurations = (
				7D6257101973883D005D8CB7 /* Debug */,
				7D6257111973883D005D8CB7 /* Release */,
			);
			defaultConfigurationIsVisible = 0;
			defaultConfigurationName = Release;
		};
		7D6257121973883D005D8CB7 /* Build configuration list for PBXNativeTarget "PinterestExample" */ = {
			isa = XCConfigurationList;
			buildConfigurations = (
				7D6257131973883D005D8CB7 /* Debug */,
				7D6257141973883D005D8CB7 /* Release */,
			);
			defaultConfigurationIsVisible = 0;
			defaultConfigurationName = Release;
		};
		7D6257151973883D005D8CB7 /* Build configuration list for PBXNativeTarget "PinterestExampleTests" */ = {
			isa = XCConfigurationList;
			buildConfigurations = (
				7D6257161973883D005D8CB7 /* Debug */,
				7D6257171973883D005D8CB7 /* Release */,
			);
			defaultConfigurationIsVisible = 0;
			defaultConfigurationName = Release;
		};
/* End XCConfigurationList section */
	};
	rootObject = 7D6256F01973883D005D8CB7 /* Project object */;
}
