// !$*UTF8*$!
{
	archiveVersion = 1;
	classes = {
	};
	objectVersion = 46;
	objects = {

/* Begin PBXBuildFile section */
		7D096EF81999B28C00C492A6 /* UICollectionView+XHIndexPath.m in Sources */ = {isa = PBXBuildFile; fileRef = 7D096ED71999B28C00C492A6 /* UICollectionView+XHIndexPath.m */; };
		7D096EF91999B28C00C492A6 /* UIView+XHViewFrame.m in Sources */ = {isa = PBXBuildFile; fileRef = 7D096ED91999B28C00C492A6 /* UIView+XHViewFrame.m */; };
		7D096EFB1999B28C00C492A6 /* XHNavigationControllerDelegate.m in Sources */ = {isa = PBXBuildFile; fileRef = 7D096EE21999B28C00C492A6 /* XHNavigationControllerDelegate.m */; };
		7D096EFC1999B28C00C492A6 /* CHTCollectionViewWaterfallLayout.m in Sources */ = {isa = PBXBuildFile; fileRef = 7D096EE51999B28C00C492A6 /* CHTCollectionViewWaterfallLayout.m */; };
		7D096F011999B28C00C492A6 /* XHHorizontalPageViewCell.m in Sources */ = {isa = PBXBuildFile; fileRef = 7D096EF31999B28C00C492A6 /* XHHorizontalPageViewCell.m */; };
		7D096F021999B28C00C492A6 /* XHWaterfallCollectionViewCell.m in Sources */ = {isa = PBXBuildFile; fileRef = 7D096EF51999B28C00C492A6 /* XHWaterfallCollectionViewCell.m */; };
		7D096F031999B28C00C492A6 /* XHWaterfallContainerView.m in Sources */ = {isa = PBXBuildFile; fileRef = 7D096EF71999B28C00C492A6 /* XHWaterfallContainerView.m */; };
		7D096F0D1999B2A900C492A6 /* XHBaseCollectionViewController.m in Sources */ = {isa = PBXBuildFile; fileRef = 7D096F061999B2A900C492A6 /* XHBaseCollectionViewController.m */; };
		7D096F0E1999B2A900C492A6 /* XHHorizontalPageViewController.m in Sources */ = {isa = PBXBuildFile; fileRef = 7D096F081999B2A900C492A6 /* XHHorizontalPageViewController.m */; };
		7D096F0F1999B2A900C492A6 /* XHNavigationController.m in Sources */ = {isa = PBXBuildFile; fileRef = 7D096F0A1999B2A900C492A6 /* XHNavigationController.m */; };
		7D096F101999B2A900C492A6 /* XHWaterfallViewController.m in Sources */ = {isa = PBXBuildFile; fileRef = 7D096F0C1999B2A900C492A6 /* XHWaterfallViewController.m */; };
		7D096F141999B43F00C492A6 /* XHPinterest.m in Sources */ = {isa = PBXBuildFile; fileRef = 7D096F131999B43F00C492A6 /* XHPinterest.m */; };
		7D096F371999E17500C492A6 /* l1.jpg in Resources */ = {isa = PBXBuildFile; fileRef = 7D096F191999E17400C492A6 /* l1.jpg */; };
		7D096F381999E17500C492A6 /* l10.jpg in Resources */ = {isa = PBXBuildFile; fileRef = 7D096F1A1999E17400C492A6 /* l10.jpg */; };
		7D096F421999E17500C492A6 /* l2.jpg in Resources */ = {isa = PBXBuildFile; fileRef = 7D096F241999E17400C492A6 /* l2.jpg */; };
		7D096F4D1999E17500C492A6 /* l3.jpg in Resources */ = {isa = PBXBuildFile; fileRef = 7D096F2F1999E17400C492A6 /* l3.jpg */; };
		7D096F4F1999E17500C492A6 /* l4.jpg in Resources */ = {isa = PBXBuildFile; fileRef = 7D096F311999E17400C492A6 /* l4.jpg */; };
		7D096F501999E17500C492A6 /* l5.jpg in Resources */ = {isa = PBXBuildFile; fileRef = 7D096F321999E17400C492A6 /* l5.jpg */; };
		7D096F511999E17500C492A6 /* l6.jpg in Resources */ = {isa = PBXBuildFile; fileRef = 7D096F331999E17400C492A6 /* l6.jpg */; };
		7D096F521999E17500C492A6 /* l7.jpg in Resources */ = {isa = PBXBuildFile; fileRef = 7D096F341999E17400C492A6 /* l7.jpg */; };
		7D096F531999E17500C492A6 /* l8.jpg in Resources */ = {isa = PBXBuildFile; fileRef = 7D096F351999E17400C492A6 /* l8.jpg */; };
		7D096F541999E17500C492A6 /* l9.jpg in Resources */ = {isa = PBXBuildFile; fileRef = 7D096F361999E17500C492A6 /* l9.jpg */; };
		7D6256FE1973883D005D8CB7 /* main.m in Sources */ = {isa = PBXBuildFile; fileRef = 7D6256FD1973883D005D8CB7 /* main.m */; };
		7D6257011973883D005D8CB7 /* AppDelegate.m in Sources */ = {isa = PBXBuildFile; fileRef = 7D6257001973883D005D8CB7 /* AppDelegate.m */; };
		7D6257031973883D005D8CB7 /* Images.xcassets in Resources */ = {isa = PBXBuildFile; fileRef = 7D6257021973883D005D8CB7 /* Images.xcassets */; };
		7D62570F1973883D005D8CB7 /* PinterestExampleTests.m in Sources */ = {isa = PBXBuildFile; fileRef = 7D62570E1973883D005D8CB7 /* PinterestExampleTests.m */; };
		7D630888199C8935008A3771 /* XHPinterestPushTransition.m in Sources */ = {isa = PBXBuildFile; fileRef = 7D630887199C8935008A3771 /* XHPinterestPushTransition.m */; };
		7D63088B199C893F008A3771 /* XHPinterestPopTransition.m in Sources */ = {isa = PBXBuildFile; fileRef = 7D63088A199C893F008A3771 /* XHPinterestPopTransition.m */; };
		7D63088E199C894B008A3771 /* XHPinterestTransition.m in Sources */ = {isa = PBXBuildFile; fileRef = 7D63088D199C894B008A3771 /* XHPinterestTransition.m */; };
/* End PBXBuildFile section */

/* Begin PBXContainerItemProxy section */
		7D6257091973883D005D8CB7 /* PBXContainerItemProxy */ = {
			isa = PBXContainerItemProxy;
			containerPortal = 7D6256F01973883D005D8CB7 /* Project object */;
			proxyType = 1;
			remoteGlobalIDString = 7D6256F71973883D005D8CB7;
			remoteInfo = PinterestExample;
		};
/* End PBXContainerItemProxy section */

/* Begin PBXFileReference section */
		7D096ED61999B28C00C492A6 /* UICollectionView+XHIndexPath.h */ = {isa = PBXFileReference; fileEncoding = 4; lastKnownFileType = sourcecode.c.h; path = "UICollectionView+XHIndexPath.h"; sourceTree = "<group>"; };
		7D096ED71999B28C00C492A6 /* UICollectionView+XHIndexPath.m */ = {isa = PBXFileReference; fileEncoding = 4; lastKnownFileType = sourcecode.c.objc; path = "UICollectionView+XHIndexPath.m"; sourceTree = "<group>"; };
		7D096ED81999B28C00C492A6 /* UIView+XHViewFrame.h */ = {isa = PBXFileReference; fileEncoding = 4; lastKnownFileType = sourcecode.c.h; path = "UIView+XHViewFrame.h"; sourceTree = "<group>"; };
		7D096ED91999B28C00C492A6 /* UIView+XHViewFrame.m */ = {isa = PBXFileReference; fileEncoding = 4; lastKnownFileType = sourcecode.c.objc; path = "UIView+XHViewFrame.m"; sourceTree = "<group>"; };
		7D096EDE1999B28C00C492A6 /* XHTransitionProtocol.h */ = {isa = PBXFileReference; fileEncoding = 4; lastKnownFileType = sourcecode.c.h; path = XHTransitionProtocol.h; sourceTree = "<group>"; };
		7D096EE11999B28C00C492A6 /* XHNavigationControllerDelegate.h */ = {isa = PBXFileReference; fileEncoding = 4; lastKnownFileType = sourcecode.c.h; path = XHNavigationControllerDelegate.h; sourceTree = "<group>"; };
		7D096EE21999B28C00C492A6 /* XHNavigationControllerDelegate.m */ = {isa = PBXFileReference; fileEncoding = 4; lastKnownFileType = sourcecode.c.objc; path = XHNavigationControllerDelegate.m; sourceTree = "<group>"; };
		7D096EE41999B28C00C492A6 /* CHTCollectionViewWaterfallLayout.h */ = {isa = PBXFileReference; fileEncoding = 4; lastKnownFileType = sourcecode.c.h; path = CHTCollectionViewWaterfallLayout.h; sourceTree = "<group>"; };
		7D096EE51999B28C00C492A6 /* CHTCollectionViewWaterfallLayout.m */ = {isa = PBXFileReference; fileEncoding = 4; lastKnownFileType = sourcecode.c.objc; path = CHTCollectionViewWaterfallLayout.m; sourceTree = "<group>"; };
		7D096EE71999B28C00C492A6 /* XHUIKitMacro.h */ = {isa = PBXFileReference; fileEncoding = 4; lastKnownFileType = sourcecode.c.h; path = XHUIKitMacro.h; sourceTree = "<group>"; };
		7D096EF21999B28C00C492A6 /* XHHorizontalPageViewCell.h */ = {isa = PBXFileReference; fileEncoding = 4; lastKnownFileType = sourcecode.c.h; path = XHHorizontalPageViewCell.h; sourceTree = "<group>"; };
		7D096EF31999B28C00C492A6 /* XHHorizontalPageViewCell.m */ = {isa = PBXFileReference; fileEncoding = 4; lastKnownFileType = sourcecode.c.objc; path = XHHorizontalPageViewCell.m; sourceTree = "<group>"; };
		7D096EF41999B28C00C492A6 /* XHWaterfallCollectionViewCell.h */ = {isa = PBXFileReference; fileEncoding = 4; lastKnownFileType = sourcecode.c.h; path = XHWaterfallCollectionViewCell.h; sourceTree = "<group>"; };
		7D096EF51999B28C00C492A6 /* XHWaterfallCollectionViewCell.m */ = {isa = PBXFileReference; fileEncoding = 4; lastKnownFileType = sourcecode.c.objc; path = XHWaterfallCollectionViewCell.m; sourceTree = "<group>"; };
		7D096EF61999B28C00C492A6 /* XHWaterfallContainerView.h */ = {isa = PBXFileReference; fileEncoding = 4; lastKnownFileType = sourcecode.c.h; path = XHWaterfallContainerView.h; sourceTree = "<group>"; };
		7D096EF71999B28C00C492A6 /* XHWaterfallContainerView.m */ = {isa = PBXFileReference; fileEncoding = 4; lastKnownFileType = sourcecode.c.objc; path = XHWaterfallContainerView.m; sourceTree = "<group>"; };
		7D096F051999B2A900C492A6 /* XHBaseCollectionViewController.h */ = {isa = PBXFileReference; fileEncoding = 4; lastKnownFileType = sourcecode.c.h; path = XHBaseCollectionViewController.h; sourceTree = "<group>"; };
		7D096F061999B2A900C492A6 /* XHBaseCollectionViewController.m */ = {isa = PBXFileReference; fileEncoding = 4; lastKnownFileType = sourcecode.c.objc; path = XHBaseCollectionViewController.m; sourceTree = "<group>"; };
		7D096F071999B2A900C492A6 /* XHHorizontalPageViewController.h */ = {isa = PBXFileReference; fileEncoding = 4; lastKnownFileType = sourcecode.c.h; path = XHHorizontalPageViewController.h; sourceTree = "<group>"; };
		7D096F081999B2A900C492A6 /* XHHorizontalPageViewController.m */ = {isa = PBXFileReference; fileEncoding = 4; lastKnownFileType = sourcecode.c.objc; path = XHHorizontalPageViewController.m; sourceTree = "<group>"; };
		7D096F091999B2A900C492A6 /* XHNavigationController.h */ = {isa = PBXFileReference; fileEncoding = 4; lastKnownFileType = sourcecode.c.h; path = XHNavigationController.h; sourceTree = "<group>"; };
		7D096F0A1999B2A900C492A6 /* XHNavigationController.m */ = {isa = PBXFileReference; fileEncoding = 4; lastKnownFileType = sourcecode.c.objc; path = XHNavigationController.m; sourceTree = "<group>"; };
		7D096F0B1999B2A900C492A6 /* XHWaterfallViewController.h */ = {isa = PBXFileReference; fileEncoding = 4; lastKnownFileType = sourcecode.c.h; path = XHWaterfallViewController.h; sourceTree = "<group>"; };
		7D096F0C1999B2A900C492A6 /* XHWaterfallViewController.m */ = {isa = PBXFileReference; fileEncoding = 4; lastKnownFileType = sourcecode.c.objc; path = XHWaterfallViewController.m; sourceTree = "<group>"; };
		7D096F121999B43F00C492A6 /* XHPinterest.h */ = {isa = PBXFileReference; fileEncoding = 4; lastKnownFileType = sourcecode.c.h; path = XHPinterest.h; sourceTree = "<group>"; };
		7D096F131999B43F00C492A6 /* XHPinterest.m */ = {isa = PBXFileReference; fileEncoding = 4; lastKnownFileType = sourcecode.c.objc; path = XHPinterest.m; sourceTree = "<group>"; };
		7D096F191999E17400C492A6 /* l1.jpg */ = {isa = PBXFileReference; lastKnownFileType = image.jpeg; path = l1.jpg; sourceTree = "<group>"; };
		7D096F1A1999E17400C492A6 /* l10.jpg */ = {isa = PBXFileReference; lastKnownFileType = image.jpeg; path = l10.jpg; sourceTree = "<group>"; };
		7D096F241999E17400C492A6 /* l2.jpg */ = {isa = PBXFileReference; lastKnownFileType = image.jpeg; path = l2.jpg; sourceTree = "<group>"; };
		7D096F2F1999E17400C492A6 /* l3.jpg */ = {isa = PBXFileReference; lastKnownFileType = image.jpeg; path = l3.jpg; sourceTree = "<group>"; };
		7D096F311999E17400C492A6 /* l4.jpg */ = {isa = PBXFileReference; lastKnownFileType = image.jpeg; path = l4.jpg; sourceTree = "<group>"; };
		7D096F321999E17400C492A6 /* l5.jpg */ = {isa = PBXFileReference; lastKnownFileType = image.jpeg; path = l5.jpg; sourceTree = "<group>"; };
		7D096F331999E17400C492A6 /* l6.jpg */ = {isa = PBXFileReference; lastKnownFileType = image.jpeg; path = l6.jpg; sourceTree = "<group>"; };
		7D096F341999E17400C492A6 /* l7.jpg */ = {isa = PBXFileReference; lastKnownFileType = image.jpeg; path = l7.jpg; sourceTree = "<group>"; };
		7D096F351999E17400C492A6 /* l8.jpg */ = {isa = PBXFileReference; lastKnownFileType = image.jpeg; path = l8.jpg; sourceTree = "<group>"; };
		7D096F361999E17500C492A6 /* l9.jpg */ = {isa = PBXFileReference; lastKnownFileType = image.jpeg; path = l9.jpg; sourceTree = "<group>"; };
		7D6256F81973883D005D8CB7 /* PinterestExample.app */ = {isa = PBXFileReference; explicitFileType = wrapper.application; includeInIndex = 0; path = PinterestExample.app; sourceTree = BUILT_PRODUCTS_DIR; };
		7D6256FC1973883D005D8CB7 /* Info.plist */ = {isa = PBXFileReference; lastKnownFileType = text.plist.xml; path = Info.plist; sourceTree = "<group>"; };
		7D6256FD1973883D005D8CB7 /* main.m */ = {isa = PBXFileReference; lastKnownFileType = sourcecode.c.objc; path = main.m; sourceTree = "<group>"; };
		7D6256FF1973883D005D8CB7 /* AppDelegate.h */ = {isa = PBXFileReference; lastKnownFileType = sourcecode.c.h; path = AppDelegate.h; sourceTree = "<group>"; };
		7D6257001973883D005D8CB7 /* AppDelegate.m */ = {isa = PBXFileReference; lastKnownFileType = sourcecode.c.objc; path = AppDelegate.m; sourceTree = "<group>"; };
		7D6257021973883D005D8CB7 /* Images.xcassets */ = {isa = PBXFileReference; lastKnownFileType = folder.assetcatalog; path = Images.xcassets; sourceTree = "<group>"; };
		7D6257081973883D005D8CB7 /* PinterestExampleTests.xctest */ = {isa = PBXFileReference; explicitFileType = wrapper.cfbundle; includeInIndex = 0; path = PinterestExampleTests.xctest; sourceTree = BUILT_PRODUCTS_DIR; };
		7D62570D1973883D005D8CB7 /* Info.plist */ = {isa = PBXFileReference; lastKnownFileType = text.plist.xml; path = Info.plist; sourceTree = "<group>"; };
		7D62570E1973883D005D8CB7 /* PinterestExampleTests.m */ = {isa = PBXFileReference; lastKnownFileType = sourcecode.c.objc; path = PinterestExampleTests.m; sourceTree = "<group>"; };
		7D630886199C8935008A3771 /* XHPinterestPushTransition.h */ = {isa = PBXFileReference; fileEncoding = 4; lastKnownFileType = sourcecode.c.h; path = XHPinterestPushTransition.h; sourceTree = "<group>"; };
		7D630887199C8935008A3771 /* XHPinterestPushTransition.m */ = {isa = PBXFileReference; fileEncoding = 4; lastKnownFileType = sourcecode.c.objc; path = XHPinterestPushTransition.m; sourceTree = "<group>"; };
		7D630889199C893F008A3771 /* XHPinterestPopTransition.h */ = {isa = PBXFileReference; fileEncoding = 4; lastKnownFileType = sourcecode.c.h; path = XHPinterestPopTransition.h; sourceTree = "<group>"; };
		7D63088A199C893F008A3771 /* XHPinterestPopTransition.m */ = {isa = PBXFileReference; fileEncoding = 4; lastKnownFileType = sourcecode.c.objc; path = XHPinterestPopTransition.m; sourceTree = "<group>"; };
		7D63088C199C894B008A3771 /* XHPinterestTransition.h */ = {isa = PBXFileReference; fileEncoding = 4; lastKnownFileType = sourcecode.c.h; path = XHPinterestTransition.h; sourceTree = "<group>"; };
		7D63088D199C894B008A3771 /* XHPinterestTransition.m */ = {isa = PBXFileReference; fileEncoding = 4; lastKnownFileType = sourcecode.c.objc; path = XHPinterestTransition.m; sourceTree = "<group>"; };
/* End PBXFileReference section */

/* Begin PBXFrameworksBuildPhase section */
		7D6256F51973883D005D8CB7 /* Frameworks */ = {
			isa = PBXFrameworksBuildPhase;
			buildActionMask = 2147483647;
			files = (
			);
			runOnlyForDeploymentPostprocessing = 0;
		};
		7D6257051973883D005D8CB7 /* Frameworks */ = {
			isa = PBXFrameworksBuildPhase;
			buildActionMask = 2147483647;
			files = (
			);
			runOnlyForDeploymentPostprocessing = 0;
		};
/* End PBXFrameworksBuildPhase section */

/* Begin PBXGroup section */
		7D096ED41999B28C00C492A6 /* PinterestAnimator */ = {
			isa = PBXGroup;
			children = (
				7D096EE61999B28C00C492A6 /* Macro */,
				7D096ED51999B28C00C492A6 /* Categorys */,
				7D096EDA1999B28C00C492A6 /* Helpers */,
				7D096EE31999B28C00C492A6 /* Layout */,
				7D096F111999B42900C492A6 /* Models */,
				7D096EF11999B28C00C492A6 /* Views */,
				7D096F041999B2A900C492A6 /* Controllers */,
			);
			name = PinterestAnimator;
			path = ../PinterestAnimator;
			sourceTree = "<group>";
		};
		7D096ED51999B28C00C492A6 /* Categorys */ = {
			isa = PBXGroup;
			children = (
				7D096ED61999B28C00C492A6 /* UICollectionView+XHIndexPath.h */,
				7D096ED71999B28C00C492A6 /* UICollectionView+XHIndexPath.m */,
				7D096ED81999B28C00C492A6 /* UIView+XHViewFrame.h */,
				7D096ED91999B28C00C492A6 /* UIView+XHViewFrame.m */,
			);
			path = Categorys;
			sourceTree = "<group>";
		};
		7D096EDA1999B28C00C492A6 /* Helpers */ = {
			isa = PBXGroup;
			children = (
				7D096EDB1999B28C00C492A6 /* NavigationHelper */,
			);
			path = Helpers;
			sourceTree = "<group>";
		};
		7D096EDB1999B28C00C492A6 /* NavigationHelper */ = {
			isa = PBXGroup;
			children = (
				7D096EDC1999B28C00C492A6 /* Transition */,
				7D096EE11999B28C00C492A6 /* XHNavigationControllerDelegate.h */,
				7D096EE21999B28C00C492A6 /* XHNavigationControllerDelegate.m */,
			);
			path = NavigationHelper;
			sourceTree = "<group>";
		};
		7D096EDC1999B28C00C492A6 /* Transition */ = {
			isa = PBXGroup;
			children = (
				7D096EDD1999B28C00C492A6 /* Protocal */,
				7D63088C199C894B008A3771 /* XHPinterestTransition.h */,
				7D63088D199C894B008A3771 /* XHPinterestTransition.m */,
				7D630886199C8935008A3771 /* XHPinterestPushTransition.h */,
				7D630887199C8935008A3771 /* XHPinterestPushTransition.m */,
				7D630889199C893F008A3771 /* XHPinterestPopTransition.h */,
				7D63088A199C893F008A3771 /* XHPinterestPopTransition.m */,
			);
			path = Transition;
			sourceTree = "<group>";
		};
		7D096EDD1999B28C00C492A6 /* Protocal */ = {
			isa = PBXGroup;
			children = (
				7D096EDE1999B28C00C492A6 /* XHTransitionProtocol.h */,
			);
			path = Protocal;
			sourceTree = "<group>";
		};
		7D096EE31999B28C00C492A6 /* Layout */ = {
			isa = PBXGroup;
			children = (
				7D096EE41999B28C00C492A6 /* CHTCollectionViewWaterfallLayout.h */,
				7D096EE51999B28C00C492A6 /* CHTCollectionViewWaterfallLayout.m */,
			);
			path = Layout;
			sourceTree = "<group>";
		};
		7D096EE61999B28C00C492A6 /* Macro */ = {
			isa = PBXGroup;
			children = (
				7D096EE71999B28C00C492A6 /* XHUIKitMacro.h */,
			);
			path = Macro;
			sourceTree = "<group>";
		};
		7D096EF11999B28C00C492A6 /* Views */ = {
			isa = PBXGroup;
			children = (
				7D096EF61999B28C00C492A6 /* XHWaterfallContainerView.h */,
				7D096EF71999B28C00C492A6 /* XHWaterfallContainerView.m */,
				7D096EF41999B28C00C492A6 /* XHWaterfallCollectionViewCell.h */,
				7D096EF51999B28C00C492A6 /* XHWaterfallCollectionViewCell.m */,
				7D096EF21999B28C00C492A6 /* XHHorizontalPageViewCell.h */,
				7D096EF31999B28C00C492A6 /* XHHorizontalPageViewCell.m */,
			);
			path = Views;
			sourceTree = "<group>";
		};
		7D096F041999B2A900C492A6 /* Controllers */ = {
			isa = PBXGroup;
			children = (
				7D096F091999B2A900C492A6 /* XHNavigationController.h */,
				7D096F0A1999B2A900C492A6 /* XHNavigationController.m */,
				7D096F051999B2A900C492A6 /* XHBaseCollectionViewController.h */,
				7D096F061999B2A900C492A6 /* XHBaseCollectionViewController.m */,
				7D096F0B1999B2A900C492A6 /* XHWaterfallViewController.h */,
				7D096F0C1999B2A900C492A6 /* XHWaterfallViewController.m */,
				7D096F071999B2A900C492A6 /* XHHorizontalPageViewController.h */,
				7D096F081999B2A900C492A6 /* XHHorizontalPageViewController.m */,
			);
			path = Controllers;
			sourceTree = "<group>";
		};
		7D096F111999B42900C492A6 /* Models */ = {
			isa = PBXGroup;
			children = (
				7D096F121999B43F00C492A6 /* XHPinterest.h */,
				7D096F131999B43F00C492A6 /* XHPinterest.m */,
			);
			path = Models;
			sourceTree = "<group>";
		};
		7D096F181999E17400C492A6 /* backgroundImages */ = {
			isa = PBXGroup;
			children = (
				7D096F191999E17400C492A6 /* l1.jpg */,
				7D096F241999E17400C492A6 /* l2.jpg */,
				7D096F2F1999E17400C492A6 /* l3.jpg */,
				7D096F311999E17400C492A6 /* l4.jpg */,
				7D096F321999E17400C492A6 /* l5.jpg */,
				7D096F331999E17400C492A6 /* l6.jpg */,
				7D096F341999E17400C492A6 /* l7.jpg */,
				7D096F351999E17400C492A6 /* l8.jpg */,
				7D096F361999E17500C492A6 /* l9.jpg */,
				7D096F1A1999E17400C492A6 /* l10.jpg */,
			);
			path = backgroundImages;
			sourceTree = "<group>";
		};
		7D6256EF1973883D005D8CB7 = {
			isa = PBXGroup;
			children = (
				7D096ED41999B28C00C492A6 /* PinterestAnimator */,
				7D6256FA1973883D005D8CB7 /* PinterestExample */,
				7D62570B1973883D005D8CB7 /* PinterestExampleTests */,
				7D6256F91973883D005D8CB7 /* Products */,
			);
			sourceTree = "<group>";
		};
		7D6256F91973883D005D8CB7 /* Products */ = {
			isa = PBXGroup;
			children = (
				7D6256F81973883D005D8CB7 /* PinterestExample.app */,
				7D6257081973883D005D8CB7 /* PinterestExampleTests.xctest */,
			);
			name = Products;
			sourceTree = "<group>";
		};
		7D6256FA1973883D005D8CB7 /* PinterestExample */ = {
			isa = PBXGroup;
			children = (
				7D6256FF1973883D005D8CB7 /* AppDelegate.h */,
				7D6257001973883D005D8CB7 /* AppDelegate.m */,
				7D6257021973883D005D8CB7 /* Images.xcassets */,
				7D6256FB1973883D005D8CB7 /* Supporting Files */,
			);
			path = PinterestExample;
			sourceTree = "<group>";
		};
		7D6256FB1973883D005D8CB7 /* Supporting Files */ = {
			isa = PBXGroup;
			children = (
				7D096F181999E17400C492A6 /* backgroundImages */,
				7D6256FC1973883D005D8CB7 /* Info.plist */,
				7D6256FD1973883D005D8CB7 /* main.m */,
			);
			name = "Supporting Files";
			sourceTree = "<group>";
		};
		7D62570B1973883D005D8CB7 /* PinterestExampleTests */ = {
			isa = PBXGroup;
			children = (
				7D62570E1973883D005D8CB7 /* PinterestExampleTests.m */,
				7D62570C1973883D005D8CB7 /* Supporting Files */,
			);
			path = PinterestExampleTests;
			sourceTree = "<group>";
		};
		7D62570C1973883D005D8CB7 /* Supporting Files */ = {
			isa = PBXGroup;
			children = (
				7D62570D1973883D005D8CB7 /* Info.plist */,
			);
			name = "Supporting Files";
			sourceTree = "<group>";
		};
/* End PBXGroup section */

/* Begin PBXNativeTarget section */
		7D6256F71973883D005D8CB7 /* PinterestExample */ = {
			isa = PBXNativeTarget;
			buildConfigurationList = 7D6257121973883D005D8CB7 /* Build configuration list for PBXNativeTarget "PinterestExample" */;
			buildPhases = (
				7D6256F41973883D005D8CB7 /* Sources */,
				7D6256F51973883D005D8CB7 /* Frameworks */,
				7D6256F61973883D005D8CB7 /* Resources */,
			);
			buildRules = (
			);
			dependencies = (
			);
			name = PinterestExample;
			productName = PinterestExample;
			productReference = 7D6256F81973883D005D8CB7 /* PinterestExample.app */;
			productType = "com.apple.product-type.application";
		};
		7D6257071973883D005D8CB7 /* PinterestExampleTests */ = {
			isa = PBXNativeTarget;
			buildConfigurationList = 7D6257151973883D005D8CB7 /* Build configuration list for PBXNativeTarget "PinterestExampleTests" */;
			buildPhases = (
				7D6257041973883D005D8CB7 /* Sources */,
				7D6257051973883D005D8CB7 /* Frameworks */,
				7D6257061973883D005D8CB7 /* Resources */,
			);
			buildRules = (
			);
			dependencies = (
				7D62570A1973883D005D8CB7 /* PBXTargetDependency */,
			);
			name = PinterestExampleTests;
			productName = PinterestExampleTests;
			productReference = 7D6257081973883D005D8CB7 /* PinterestExampleTests.xctest */;
			productType = "com.apple.product-type.bundle.unit-test";
		};
/* End PBXNativeTarget section */

/* Begin PBXProject section */
		7D6256F01973883D005D8CB7 /* Project object */ = {
			isa = PBXProject;
			attributes = {
				LastUpgradeCheck = 0600;
				ORGANIZATIONNAME = "广州华多网络科技有限公司 多玩事业部 iOS软件工程师 曾宪华";
				TargetAttributes = {
					7D6256F71973883D005D8CB7 = {
						CreatedOnToolsVersion = 6.0;
					};
					7D6257071973883D005D8CB7 = {
						CreatedOnToolsVersion = 6.0;
						TestTargetID = 7D6256F71973883D005D8CB7;
					};
				};
			};
			buildConfigurationList = 7D6256F31973883D005D8CB7 /* Build configuration list for PBXProject "PinterestExample" */;
			compatibilityVersion = "Xcode 3.2";
			developmentRegion = English;
			hasScannedForEncodings = 0;
			knownRegions = (
				en,
			);
			mainGroup = 7D6256EF1973883D005D8CB7;
			productRefGroup = 7D6256F91973883D005D8CB7 /* Products */;
			projectDirPath = "";
			projectRoot = "";
			targets = (
				7D6256F71973883D005D8CB7 /* PinterestExample */,
				7D6257071973883D005D8CB7 /* PinterestExampleTests */,
			);
		};
/* End PBXProject section */

/* Begin PBXResourcesBuildPhase section */
		7D6256F61973883D005D8CB7 /* Resources */ = {
			isa = PBXResourcesBuildPhase;
			buildActionMask = 2147483647;
			files = (
				7D096F421999E17500C492A6 /* l2.jpg in Resources */,
				7D096F4D1999E17500C492A6 /* l3.jpg in Resources */,
				7D096F4F1999E17500C492A6 /* l4.jpg in Resources */,
				7D096F511999E17500C492A6 /* l6.jpg in Resources */,
				7D096F501999E17500C492A6 /* l5.jpg in Resources */,
				7D096F381999E17500C492A6 /* l10.jpg in Resources */,
				7D096F541999E17500C492A6 /* l9.jpg in Resources */,
				7D096F531999E17500C492A6 /* l8.jpg in Resources */,
				7D096F521999E17500C492A6 /* l7.jpg in Resources */,
				7D096F371999E17500C492A6 /* l1.jpg in Resources */,
				7D6257031973883D005D8CB7 /* Images.xcassets in Resources */,
			);
			runOnlyForDeploymentPostprocessing = 0;
		};
		7D6257061973883D005D8CB7 /* Resources */ = {
			isa = PBXResourcesBuildPhase;
			buildActionMask = 2147483647;
			files = (
			);
			runOnlyForDeploymentPostprocessing = 0;
		};
/* End PBXResourcesBuildPhase section */

/* Begin PBXSourcesBuildPhase section */
		7D6256F41973883D005D8CB7 /* Sources */ = {
			isa = PBXSourcesBuildPhase;
			buildActionMask = 2147483647;
			files = (
				7D096EF81999B28C00C492A6 /* UICollectionView+XHIndexPath.m in Sources */,
				7D096EF91999B28C00C492A6 /* UIView+XHViewFrame.m in Sources */,
				7D096F031999B28C00C492A6 /* XHWaterfallContainerView.m in Sources */,
				7D096F101999B2A900C492A6 /* XHWaterfallViewController.m in Sources */,
				7D096F021999B28C00C492A6 /* XHWaterfallCollectionViewCell.m in Sources */,
				7D096F141999B43F00C492A6 /* XHPinterest.m in Sources */,
				7D096EFB1999B28C00C492A6 /* XHNavigationControllerDelegate.m in Sources */,
				7D096F0D1999B2A900C492A6 /* XHBaseCollectionViewController.m in Sources */,
				7D096F0E1999B2A900C492A6 /* XHHorizontalPageViewController.m in Sources */,
				7D096F011999B28C00C492A6 /* XHHorizontalPageViewCell.m in Sources */,
				7D096EFC1999B28C00C492A6 /* CHTCollectionViewWaterfallLayout.m in Sources */,
				7D63088E199C894B008A3771 /* XHPinterestTransition.m in Sources */,
				7D6257011973883D005D8CB7 /* AppDelegate.m in Sources */,
				7D096F0F1999B2A900C492A6 /* XHNavigationController.m in Sources */,
				7D6256FE1973883D005D8CB7 /* main.m in Sources */,
				7D630888199C8935008A3771 /* XHPinterestPushTransition.m in Sources */,
				7D63088B199C893F008A3771 /* XHPinterestPopTransition.m in Sources */,
			);
			runOnlyForDeploymentPostprocessing = 0;
		};
		7D6257041973883D005D8CB7 /* Sources */ = {
			isa = PBXSourcesBuildPhase;
			buildActionMask = 2147483647;
			files = (
				7D62570F1973883D005D8CB7 /* PinterestExampleTests.m in Sources */,
			);
			runOnlyForDeploymentPostprocessing = 0;
		};
/* End PBXSourcesBuildPhase section */

/* Begin PBXTargetDependency section */
		7D62570A1973883D005D8CB7 /* PBXTargetDependency */ = {
			isa = PBXTargetDependency;
			target = 7D6256F71973883D005D8CB7 /* PinterestExample */;
			targetProxy = 7D6257091973883D005D8CB7 /* PBXContainerItemProxy */;
		};
/* End PBXTargetDependency section */

/* Begin XCBuildConfiguration section */
		7D6257101973883D005D8CB7 /* Debug */ = {
			isa = XCBuildConfiguration;
			buildSettings = {
				ALWAYS_SEARCH_USER_PATHS = NO;
				CLANG_CXX_LANGUAGE_STANDARD = "gnu++0x";
				CLANG_CXX_LIBRARY = "libc++";
				CLANG_ENABLE_MODULES = YES;
				CLANG_ENABLE_OBJC_ARC = YES;
				CLANG_WARN_BOOL_CONVERSION = YES;
				CLANG_WARN_CONSTANT_CONVERSION = YES;
				CLANG_WARN_DIRECT_OBJC_ISA_USAGE = YES_ERROR;
				CLANG_WARN_EMPTY_BODY = YES;
				CLANG_WARN_ENUM_CONVERSION = YES;
				CLANG_WARN_INT_CONVERSION = YES;
				CLANG_WARN_OBJC_ROOT_CLASS = YES_ERROR;
				CLANG_WARN_UNREACHABLE_CODE = YES;
				CLANG_WARN__DUPLICATE_METHOD_MATCH = YES;
				"CODE_SIGN_IDENTITY[sdk=iphoneos*]" = "iPhone Developer";
				COPY_PHASE_STRIP = NO;
				ENABLE_STRICT_OBJC_MSGSEND = YES;
				GCC_C_LANGUAGE_STANDARD = gnu99;
				GCC_DYNAMIC_NO_PIC = NO;
				GCC_OPTIMIZATION_LEVEL = 0;
				GCC_PREPROCESSOR_DEFINITIONS = (
					"DEBUG=1",
					"$(inherited)",
				);
				GCC_SYMBOLS_PRIVATE_EXTERN = NO;
				GCC_WARN_64_TO_32_BIT_CONVERSION = YES;
				GCC_WARN_ABOUT_RETURN_TYPE = YES_ERROR;
				GCC_WARN_UNDECLARED_SELECTOR = YES;
				GCC_WARN_UNINITIALIZED_AUTOS = YES_AGGRESSIVE;
				GCC_WARN_UNUSED_FUNCTION = YES;
				GCC_WARN_UNUSED_VARIABLE = YES;
				IPHONEOS_DEPLOYMENT_TARGET = 8.0;
				METAL_ENABLE_DEBUG_INFO = YES;
				ONLY_ACTIVE_ARCH = YES;
				SDKROOT = iphoneos;
			};
			name = Debug;
		};
		7D6257111973883D005D8CB7 /* Release */ = {
			isa = XCBuildConfiguration;
			buildSettings = {
				ALWAYS_SEARCH_USER_PATHS = NO;
				CLANG_CXX_LANGUAGE_STANDARD = "gnu++0x";
				CLANG_CXX_LIBRARY = "libc++";
				CLANG_ENABLE_MODULES = YES;
				CLANG_ENABLE_OBJC_ARC = YES;
				CLANG_WARN_BOOL_CONVERSION = YES;
				CLANG_WARN_CONSTANT_CONVERSION = YES;
				CLANG_WARN_DIRECT_OBJC_ISA_USAGE = YES_ERROR;
				CLANG_WARN_EMPTY_BODY = YES;
				CLANG_WARN_ENUM_CONVERSION = YES;
				CLANG_WARN_INT_CONVERSION = YES;
				CLANG_WARN_OBJC_ROOT_CLASS = YES_ERROR;
				CLANG_WARN_UNREACHABLE_CODE = YES;
				CLANG_WARN__DUPLICATE_METHOD_MATCH = YES;
				"CODE_SIGN_IDENTITY[sdk=iphoneos*]" = "iPhone Developer";
				COPY_PHASE_STRIP = YES;
				ENABLE_NS_ASSERTIONS = NO;
				ENABLE_STRICT_OBJC_MSGSEND = YES;
				GCC_C_LANGUAGE_STANDARD = gnu99;
				GCC_WARN_64_TO_32_BIT_CONVERSION = YES;
				GCC_WARN_ABOUT_RETURN_TYPE = YES_ERROR;
				GCC_WARN_UNDECLARED_SELECTOR = YES;
				GCC_WARN_UNINITIALIZED_AUTOS = YES_AGGRESSIVE;
				GCC_WARN_UNUSED_FUNCTION = YES;
				GCC_WARN_UNUSED_VARIABLE = YES;
				IPHONEOS_DEPLOYMENT_TARGET = 8.0;
				METAL_ENABLE_DEBUG_INFO = NO;
				SDKROOT = iphoneos;
				VALIDATE_PRODUCT = YES;
			};
			name = Release;
		};
		7D6257131973883D005D8CB7 /* Debug */ = {
			isa = XCBuildConfiguration;
			buildSettings = {
				ASSETCATALOG_COMPILER_APPICON_NAME = AppIcon;
				ASSETCATALOG_COMPILER_LAUNCHIMAGE_NAME = LaunchImage;
				CODE_SIGN_IDENTITY = "iPhone Developer";
				"CODE_SIGN_IDENTITY[sdk=iphoneos*]" = "iPhone Developer";
				INFOPLIST_FILE = PinterestExample/Info.plist;
				IPHONEOS_DEPLOYMENT_TARGET = 6.0;
				LD_RUNPATH_SEARCH_PATHS = "$(inherited) @executable_path/Frameworks";
				PRODUCT_NAME = "$(TARGET_NAME)";
				PROVISIONING_PROFILE = "";
			};
			name = Debug;
		};
		7D6257141973883D005D8CB7 /* Release */ = {
			isa = XCBuildConfiguration;
			buildSettings = {
				ASSETCATALOG_COMPILER_APPICON_NAME = AppIcon;
				ASSETCATALOG_COMPILER_LAUNCHIMAGE_NAME = LaunchImage;
				CODE_SIGN_IDENTITY = "iPhone Developer";
				INFOPLIST_FILE = PinterestExample/Info.plist;
				IPHONEOS_DEPLOYMENT_TARGET = 6.0;
				LD_RUNPATH_SEARCH_PATHS = "$(inherited) @executable_path/Frameworks";
				PRODUCT_NAME = "$(TARGET_NAME)";
				PROVISIONING_PROFILE = "";
			};
			name = Release;
		};
		7D6257161973883D005D8CB7 /* Debug */ = {
			isa = XCBuildConfiguration;
			buildSettings = {
				BUNDLE_LOADER = "$(BUILT_PRODUCTS_DIR)/PinterestExample.app/PinterestExample";
				FRAMEWORK_SEARCH_PATHS = (
					"$(SDKROOT)/Developer/Library/Frameworks",
					"$(inherited)",
				);
				GCC_PREPROCESSOR_DEFINITIONS = (
					"DEBUG=1",
					"$(inherited)",
				);
				INFOPLIST_FILE = PinterestExampleTests/Info.plist;
				IPHONEOS_DEPLOYMENT_TARGET = 6.0;
				LD_RUNPATH_SEARCH_PATHS = "$(inherited) @executable_path/Frameworks @loader_path/Frameworks";
				METAL_ENABLE_DEBUG_INFO = YES;
				PRODUCT_NAME = "$(TARGET_NAME)";
				TEST_HOST = "$(BUNDLE_LOADER)";
			};
			name = Debug;
		};
		7D6257171973883D005D8CB7 /* Release */ = {
			isa = XCBuildConfiguration;
			buildSettings = {
				BUNDLE_LOADER = "$(BUILT_PRODUCTS_DIR)/PinterestExample.app/PinterestExample";
				FRAMEWORK_SEARCH_PATHS = (
					"$(SDKROOT)/Developer/Library/Frameworks",
					"$(inherited)",
				);
				INFOPLIST_FILE = PinterestExampleTests/Info.plist;
				IPHONEOS_DEPLOYMENT_TARGET = 6.0;
				LD_RUNPATH_SEARCH_PATHS = "$(inherited) @executable_path/Frameworks @loader_path/Frameworks";
				METAL_ENABLE_DEBUG_INFO = NO;
				PRODUCT_NAME = "$(TARGET_NAME)";
				TEST_HOST = "$(BUNDLE_LOADER)";
			};
			name = Release;
		};
/* End XCBuildConfiguration section */

/* Begin XCConfigurationList section */
		7D6256F31973883D005D8CB7 /* Build configuration list for PBXProject "PinterestExample" */ = {
			isa = XCConfigurationList;
			buildConfigurations = (
				7D6257101973883D005D8CB7 /* Debug */,
				7D6257111973883D005D8CB7 /* Release */,
			);
			defaultConfigurationIsVisible = 0;
			defaultConfigurationName = Release;
		};
		7D6257121973883D005D8CB7 /* Build configuration list for PBXNativeTarget "PinterestExample" */ = {
			isa = XCConfigurationList;
			buildConfigurations = (
				7D6257131973883D005D8CB7 /* Debug */,
				7D6257141973883D005D8CB7 /* Release */,
			);
			defaultConfigurationIsVisible = 0;
			defaultConfigurationName = Release;
		};
		7D6257151973883D005D8CB7 /* Build configuration list for PBXNativeTarget "PinterestExampleTests" */ = {
			isa = XCConfigurationList;
			buildConfigurations = (
				7D6257161973883D005D8CB7 /* Debug */,
				7D6257171973883D005D8CB7 /* Release */,
			);
			defaultConfigurationIsVisible = 0;
			defaultConfigurationName = Release;
		};
/* End XCConfigurationList section */
	};
	rootObject = 7D6256F01973883D005D8CB7 /* Project object */;
}
